
Microsoft Visual Studio Solution File, Format Version 12.00
# Visual Studio Version 17
VisualStudioVersion = 17.0.31903.59
MinimumVisualStudioVersion = 10.0.40219.1
Project("{FAE04EC0-301F-11D3-BF4B-00C04F79EFBC}") = "App", "App\App.csproj", "{970B5A85-4FF5-4335-A9EA-B6B445135E6F}"
EndProject
Project("{FAE04EC0-301F-11D3-BF4B-00C04F79EFBC}") = "Core", "Core\Core.csproj", "{C8736E28-EB26-47B4-9B49-55EC8C487F74}"
EndProject
Project("{FAE04EC0-301F-11D3-BF4B-00C04F79EFBC}") = "Server", "Server\Server.csproj", "{1814CD02-5967-41C3-8162-23E672DD52D8}"
EndProject
Project("{FAE04EC0-301F-11D3-BF4B-00C04F79EFBC}") = "Client", "Client\Client.csproj", "{8217276E-BF4E-4464-AA29-54A22C0FACCB}"
EndProject
Global
	GlobalSection(SolutionConfigurationPlatforms) = preSolution
		Debug|Any CPU = Debug|Any CPU
		Debug|x64 = Debug|x64
		Debug|x86 = Debug|x86
		Release|Any CPU = Release|Any CPU
		Release|x64 = Release|x64
		Release|x86 = Release|x86
	EndGlobalSection
	GlobalSection(ProjectConfigurationPlatforms) = postSolution
		{970B5A85-4FF5-4335-A9EA-B6B445135E6F}.Debug|Any CPU.ActiveCfg = Debug|Any CPU
		{970B5A85-4FF5-4335-A9EA-B6B445135E6F}.Debug|Any CPU.Build.0 = Debug|Any CPU
		{970B5A85-4FF5-4335-A9EA-B6B445135E6F}.Debug|x64.ActiveCfg = Debug|Any CPU
		{970B5A85-4FF5-4335-A9EA-B6B445135E6F}.Debug|x64.Build.0 = Debug|Any CPU
		{970B5A85-4FF5-4335-A9EA-B6B445135E6F}.Debug|x86.ActiveCfg = Debug|Any CPU
		{970B5A85-4FF5-4335-A9EA-B6B445135E6F}.Debug|x86.Build.0 = Debug|Any CPU
		{970B5A85-4FF5-4335-A9EA-B6B445135E6F}.Release|Any CPU.ActiveCfg = Release|Any CPU
		{970B5A85-4FF5-4335-A9EA-B6B445135E6F}.Release|Any CPU.Build.0 = Release|Any CPU
		{970B5A85-4FF5-4335-A9EA-B6B445135E6F}.Release|x64.ActiveCfg = Release|Any CPU
		{970B5A85-4FF5-4335-A9EA-B6B445135E6F}.Release|x64.Build.0 = Release|Any CPU
		{970B5A85-4FF5-4335-A9EA-B6B445135E6F}.Release|x86.ActiveCfg = Release|Any CPU
		{970B5A85-4FF5-4335-A9EA-B6B445135E6F}.Release|x86.Build.0 = Release|Any CPU
		{C8736E28-EB26-47B4-9B49-55EC8C487F74}.Debug|Any CPU.ActiveCfg = Debug|Any CPU
		{C8736E28-EB26-47B4-9B49-55EC8C487F74}.Debug|Any CPU.Build.0 = Debug|Any CPU
		{C8736E28-EB26-47B4-9B49-55EC8C487F74}.Debug|x64.ActiveCfg = Debug|Any CPU
		{C8736E28-EB26-47B4-9B49-55EC8C487F74}.Debug|x64.Build.0 = Debug|Any CPU
		{C8736E28-EB26-47B4-9B49-55EC8C487F74}.Debug|x86.ActiveCfg = Debug|Any CPU
		{C8736E28-EB26-47B4-9B49-55EC8C487F74}.Debug|x86.Build.0 = Debug|Any CPU
		{C8736E28-EB26-47B4-9B49-55EC8C487F74}.Release|Any CPU.ActiveCfg = Release|Any CPU
		{C8736E28-EB26-47B4-9B49-55EC8C487F74}.Release|Any CPU.Build.0 = Release|Any CPU
		{C8736E28-EB26-47B4-9B49-55EC8C487F74}.Release|x64.ActiveCfg = Release|Any CPU
		{C8736E28-EB26-47B4-9B49-55EC8C487F74}.Release|x64.Build.0 = Release|Any CPU
		{C8736E28-EB26-47B4-9B49-55EC8C487F74}.Release|x86.ActiveCfg = Release|Any CPU
		{C8736E28-EB26-47B4-9B49-55EC8C487F74}.Release|x86.Build.0 = Release|Any CPU
		{1814CD02-5967-41C3-8162-23E672DD52D8}.Debug|Any CPU.ActiveCfg = Debug|Any CPU
		{1814CD02-5967-41C3-8162-23E672DD52D8}.Debug|Any CPU.Build.0 = Debug|Any CPU
		{1814CD02-5967-41C3-8162-23E672DD52D8}.Debug|x64.ActiveCfg = Debug|Any CPU
		{1814CD02-5967-41C3-8162-23E672DD52D8}.Debug|x64.Build.0 = Debug|Any CPU
		{1814CD02-5967-41C3-8162-23E672DD52D8}.Debug|x86.ActiveCfg = Debug|Any CPU
		{1814CD02-5967-41C3-8162-23E672DD52D8}.Debug|x86.Build.0 = Debug|Any CPU
		{1814CD02-5967-41C3-8162-23E672DD52D8}.Release|Any CPU.ActiveCfg = Release|Any CPU
		{1814CD02-5967-41C3-8162-23E672DD52D8}.Release|Any CPU.Build.0 = Release|Any CPU
		{1814CD02-5967-41C3-8162-23E672DD52D8}.Release|x64.ActiveCfg = Release|Any CPU
		{1814CD02-5967-41C3-8162-23E672DD52D8}.Release|x64.Build.0 = Release|Any CPU
		{1814CD02-5967-41C3-8162-23E672DD52D8}.Release|x86.ActiveCfg = Release|Any CPU
		{1814CD02-5967-41C3-8162-23E672DD52D8}.Release|x86.Build.0 = Release|Any CPU
		{8217276E-BF4E-4464-AA29-54A22C0FACCB}.Debug|Any CPU.ActiveCfg = Debug|Any CPU
		{8217276E-BF4E-4464-AA29-54A22C0FACCB}.Debug|Any CPU.Build.0 = Debug|Any CPU
		{8217276E-BF4E-4464-AA29-54A22C0FACCB}.Debug|x64.ActiveCfg = Debug|Any CPU
		{8217276E-BF4E-4464-AA29-54A22C0FACCB}.Debug|x64.Build.0 = Debug|Any CPU
		{8217276E-BF4E-4464-AA29-54A22C0FACCB}.Debug|x86.ActiveCfg = Debug|Any CPU
		{8217276E-BF4E-4464-AA29-54A22C0FACCB}.Debug|x86.Build.0 = Debug|Any CPU
		{8217276E-BF4E-4464-AA29-54A22C0FACCB}.Release|Any CPU.ActiveCfg = Release|Any CPU
		{8217276E-BF4E-4464-AA29-54A22C0FACCB}.Release|Any CPU.Build.0 = Release|Any CPU
		{8217276E-BF4E-4464-AA29-54A22C0FACCB}.Release|x64.ActiveCfg = Release|Any CPU
		{8217276E-BF4E-4464-AA29-54A22C0FACCB}.Release|x64.Build.0 = Release|Any CPU
		{8217276E-BF4E-4464-AA29-54A22C0FACCB}.Release|x86.ActiveCfg = Release|Any CPU
		{8217276E-BF4E-4464-AA29-54A22C0FACCB}.Release|x86.Build.0 = Release|Any CPU
	EndGlobalSection
	GlobalSection(SolutionProperties) = preSolution
		HideSolutionNode = FALSE
	EndGlobalSection
EndGlobal
